
Microsoft Visual Studio Solution File, Format Version 12.00
# Visual Studio Version 17
VisualStudioVersion = 17.6.33815.320
MinimumVisualStudioVersion = 10.0.40219.1
Project("{FAE04EC0-301F-11D3-BF4B-00C04F79EFBC}") = "PM.API", "PM.API\PM.API.csproj", "{BF8112E7-F371-4233-B1D2-75C7951AB4DD}"
EndProject
Global
	GlobalSection(SolutionConfigurationPlatforms) = preSolution
		Debug|Any CPU = Debug|Any CPU
		Release|Any CPU = Release|Any CPU
	EndGlobalSection
	GlobalSection(ProjectConfigurationPlatforms) = postSolution
		{BF8112E7-F371-4233-B1D2-75C7951AB4DD}.Debug|Any CPU.ActiveCfg = Debug|Any CPU
		{BF8112E7-F371-4233-B1D2-75C7951AB4DD}.Debug|Any CPU.Build.0 = Debug|Any CPU
		{BF8112E7-F371-4233-B1D2-75C7951AB4DD}.Release|Any CPU.ActiveCfg = Release|Any CPU
		{BF8112E7-F371-4233-B1D2-75C7951AB4DD}.Release|Any CPU.Build.0 = Release|Any CPU
	EndGlobalSection
	GlobalSection(SolutionProperties) = preSolution
		HideSolutionNode = FALSE
	EndGlobalSection
	GlobalSection(ExtensibilityGlobals) = postSolution
		SolutionGuid = {D288B30F-03F5-479B-A19E-247DF1F25E41}
	EndGlobalSection
EndGlobal
